
Microsoft Visual Studio Solution File, Format Version 12.00
# Visual Studio Version 16
VisualStudioVersion = 16.0.32126.315
MinimumVisualStudioVersion = 10.0.40219.1
Project("{FAE04EC0-301F-11D3-BF4B-00C04F79EFBC}") = "BST", "BST\BST.csproj", "{A34DE43F-F8C0-4034-9216-8B135AE97654}"
EndProject
Project("{FAE04EC0-301F-11D3-BF4B-00C04F79EFBC}") = "BinarySearchTree", "BinarySearchTree\BinarySearchTree.csproj", "{9C67E520-8880-46CF-98BD-7941F559216F}"
EndProject
Global
	GlobalSection(SolutionConfigurationPlatforms) = preSolution
		Debug|Any CPU = Debug|Any CPU
		Release|Any CPU = Release|Any CPU
	EndGlobalSection
	GlobalSection(ProjectConfigurationPlatforms) = postSolution
		{A34DE43F-F8C0-4034-9216-8B135AE97654}.Debug|Any CPU.ActiveCfg = Debug|Any CPU
		{A34DE43F-F8C0-4034-9216-8B135AE97654}.Debug|Any CPU.Build.0 = Debug|Any CPU
		{A34DE43F-F8C0-4034-9216-8B135AE97654}.Release|Any CPU.ActiveCfg = Release|Any CPU
		{A34DE43F-F8C0-4034-9216-8B135AE97654}.Release|Any CPU.Build.0 = Release|Any CPU
		{9C67E520-8880-46CF-98BD-7941F559216F}.Debug|Any CPU.ActiveCfg = Debug|Any CPU
		{9C67E520-8880-46CF-98BD-7941F559216F}.Debug|Any CPU.Build.0 = Debug|Any CPU
		{9C67E520-8880-46CF-98BD-7941F559216F}.Release|Any CPU.ActiveCfg = Release|Any CPU
		{9C67E520-8880-46CF-98BD-7941F559216F}.Release|Any CPU.Build.0 = Release|Any CPU
	EndGlobalSection
	GlobalSection(SolutionProperties) = preSolution
		HideSolutionNode = FALSE
	EndGlobalSection
	GlobalSection(ExtensibilityGlobals) = postSolution
		SolutionGuid = {8727D8ED-A169-4C73-9382-0B254FFE4506}
	EndGlobalSection
EndGlobal
